
Microsoft Visual Studio Solution File, Format Version 12.00
# Visual Studio Version 16
VisualStudioVersion = 16.0.29209.152
MinimumVisualStudioVersion = 10.0.40219.1
Project("{9A19103F-16F7-4668-BE54-9A1E7A4F7556}") = "Nota.Alchemy", "Nota.Alchemy\Nota.Alchemy.csproj", "{CC5929A9-9608-4E52-B8FD-540A8DC4E5EF}"
EndProject
Project("{FAE04EC0-301F-11D3-BF4B-00C04F79EFBC}") = "Nota.Alchemy.Web", "Nota.Alchemy.Web\Nota.Alchemy.Web.csproj", "{A01C8F3E-5E35-44DA-B34F-1EBE0247C1F6}"
EndProject
Global
	GlobalSection(SolutionConfigurationPlatforms) = preSolution
		Debug|Any CPU = Debug|Any CPU
		Release|Any CPU = Release|Any CPU
	EndGlobalSection
	GlobalSection(ProjectConfigurationPlatforms) = postSolution
		{CC5929A9-9608-4E52-B8FD-540A8DC4E5EF}.Debug|Any CPU.ActiveCfg = Debug|Any CPU
		{CC5929A9-9608-4E52-B8FD-540A8DC4E5EF}.Debug|Any CPU.Build.0 = Debug|Any CPU
		{CC5929A9-9608-4E52-B8FD-540A8DC4E5EF}.Release|Any CPU.ActiveCfg = Release|Any CPU
		{CC5929A9-9608-4E52-B8FD-540A8DC4E5EF}.Release|Any CPU.Build.0 = Release|Any CPU
		{A01C8F3E-5E35-44DA-B34F-1EBE0247C1F6}.Debug|Any CPU.ActiveCfg = Debug|Any CPU
		{A01C8F3E-5E35-44DA-B34F-1EBE0247C1F6}.Debug|Any CPU.Build.0 = Debug|Any CPU
		{A01C8F3E-5E35-44DA-B34F-1EBE0247C1F6}.Release|Any CPU.ActiveCfg = Release|Any CPU
		{A01C8F3E-5E35-44DA-B34F-1EBE0247C1F6}.Release|Any CPU.Build.0 = Release|Any CPU
	EndGlobalSection
	GlobalSection(SolutionProperties) = preSolution
		HideSolutionNode = FALSE
	EndGlobalSection
	GlobalSection(ExtensibilityGlobals) = postSolution
		SolutionGuid = {A6F0D5AF-A804-4DFB-9603-B0D4FB14CEF4}
	EndGlobalSection
EndGlobal
